GEM
  remote: https://rubygems.org/
  specs:
    activemodel (3.2.13)
      activesupport (= 3.2.13)
      builder (~> 3.0.0)
    activerecord (3.2.13)
      activemodel (= 3.2.13)
      activesupport (= 3.2.13)
      arel (~> 3.0.2)
      tzinfo (~> 0.3.29)
    activesupport (3.2.13)
      i18n (= 0.6.1)
      multi_json (~> 1.0)
    arel (3.0.2)
    builder (3.0.4)
    i18n (0.6.1)
    multi_json (1.7.2)
    nokogiri (1.5.9)
    nokogiri (1.5.9-x86-mingw32)
    pg (0.15.1)
    pg (0.15.1-x86-mingw32)
    rack (1.5.2)
    rack-protection (1.3.2)
      rack
    sinatra (1.3.5)
      rack (~> 1.4)
      rack-protection (~> 1.3)
      tilt (~> 1.3, >= 1.3.3)
    tilt (1.3.6)
    tzinfo (0.3.37)
    will_paginate (3.0.4)
    will_paginate-bootstrap (0.2.2)
      will_paginate (>= 3.0.3)

PLATFORMS
  ruby
  x86-mingw32

DEPENDENCIES
  activerecord
  nokogiri
  pg
  sinatra
  will_paginate (~> 3.0.0)
  will_paginate-bootstrap
